
Microsoft Visual Studio Solution File, Format Version 12.00
# Visual Studio Version 17
VisualStudioVersion = 17.4.33122.133
MinimumVisualStudioVersion = 10.0.40219.1
Project("{9A19103F-16F7-4668-BE54-9A1E7A4F7556}") = "FuturumCampaign", "FuturumCampaign.csproj", "{C238A458-0F95-458D-A64D-D89B976D0F12}"
EndProject
Global
	GlobalSection(SolutionConfigurationPlatforms) = preSolution
		Debug|Any CPU = Debug|Any CPU
		Release|Any CPU = Release|Any CPU
	EndGlobalSection
	GlobalSection(ProjectConfigurationPlatforms) = postSolution
		{C238A458-0F95-458D-A64D-D89B976D0F12}.Debug|Any CPU.ActiveCfg = Debug|Any CPU
		{C238A458-0F95-458D-A64D-D89B976D0F12}.Debug|Any CPU.Build.0 = Debug|Any CPU
		{C238A458-0F95-458D-A64D-D89B976D0F12}.Release|Any CPU.ActiveCfg = Release|Any CPU
		{C238A458-0F95-458D-A64D-D89B976D0F12}.Release|Any CPU.Build.0 = Release|Any CPU
	EndGlobalSection
	GlobalSection(SolutionProperties) = preSolution
		HideSolutionNode = FALSE
	EndGlobalSection
	GlobalSection(ExtensibilityGlobals) = postSolution
		SolutionGuid = {0C793CB2-2FF4-4C31-9FA6-2149A02C0187}
	EndGlobalSection
EndGlobal
